
Microsoft Visual Studio Solution File, Format Version 12.00
# Visual Studio Version 16
VisualStudioVersion = 16.0.29806.167
MinimumVisualStudioVersion = 10.0.40219.1
Project("{2150E333-8FDC-42A3-9474-1A3956D46DE8}") = "Solution Items", "Solution Items", "{866F56C3-0DD2-45C4-9938-18EAABF91818}"
	ProjectSection(SolutionItems) = preProject
		.editorconfig = .editorconfig
		..\..\.gitignore = ..\..\.gitignore
		..\..\ACKNOWLEDGMENTS.md = ..\..\ACKNOWLEDGMENTS.md
		..\..\AUTHORS.md = ..\..\AUTHORS.md
		..\..\CHANGELOG.md = ..\..\CHANGELOG.md
		..\..\CODE_OF_CONDUCT.md = ..\..\CODE_OF_CONDUCT.md
		..\..\CONTRIBUTING.md = ..\..\CONTRIBUTING.md
		..\..\LICENSE.md = ..\..\LICENSE.md
		..\..\README.md = ..\..\README.md
		..\..\RELEASE.md = ..\..\RELEASE.md
		..\..\ROADMAP.md = ..\..\ROADMAP.md
		..\..\TODO.md = ..\..\TODO.md
	EndProjectSection
EndProject
Project("{E24C65DC-7377-472B-9ABA-BC803B73C61A}") = "docs", "..\..\docs\", "{EFBFB532-0297-4042-9361-47CDFB27E251}"
	ProjectSection(WebsiteProperties) = preProject
		TargetFrameworkMoniker = ".NETFramework,Version%3Dv4.0"
		Debug.AspNetCompiler.VirtualPath = "/localhost_21704"
		Debug.AspNetCompiler.PhysicalPath = "..\..\docs\"
		Debug.AspNetCompiler.TargetPath = "PrecompiledWeb\localhost_21704\"
		Debug.AspNetCompiler.Updateable = "true"
		Debug.AspNetCompiler.ForceOverwrite = "true"
		Debug.AspNetCompiler.FixedNames = "false"
		Debug.AspNetCompiler.Debug = "True"
		Release.AspNetCompiler.VirtualPath = "/localhost_21704"
		Release.AspNetCompiler.PhysicalPath = "..\..\docs\"
		Release.AspNetCompiler.TargetPath = "PrecompiledWeb\localhost_21704\"
		Release.AspNetCompiler.Updateable = "true"
		Release.AspNetCompiler.ForceOverwrite = "true"
		Release.AspNetCompiler.FixedNames = "false"
		Release.AspNetCompiler.Debug = "False"
		VWDPort = "21704"
		SlnRelativePath = "..\..\docs\"
	EndProjectSection
EndProject
Project("{FAE04EC0-301F-11D3-BF4B-00C04F79EFBC}") = "QuorumWeb", "QuorumWeb\QuorumWeb.csproj", "{0928DDAD-C0D7-41F5-A605-9A65A7251643}"
EndProject
Project("{2150E333-8FDC-42A3-9474-1A3956D46DE8}") = "Libraries", "Libraries", "{29063BB0-3BC5-49BC-AD5B-7A0DFFF6ED6E}"
EndProject
Global
	GlobalSection(SolutionConfigurationPlatforms) = preSolution
		Debug|Any CPU = Debug|Any CPU
		Release|Any CPU = Release|Any CPU
	EndGlobalSection
	GlobalSection(ProjectConfigurationPlatforms) = postSolution
		{EFBFB532-0297-4042-9361-47CDFB27E251}.Debug|Any CPU.ActiveCfg = Debug|Any CPU
		{EFBFB532-0297-4042-9361-47CDFB27E251}.Debug|Any CPU.Build.0 = Debug|Any CPU
		{EFBFB532-0297-4042-9361-47CDFB27E251}.Release|Any CPU.ActiveCfg = Debug|Any CPU
		{EFBFB532-0297-4042-9361-47CDFB27E251}.Release|Any CPU.Build.0 = Debug|Any CPU
		{0928DDAD-C0D7-41F5-A605-9A65A7251643}.Debug|Any CPU.ActiveCfg = Debug|Any CPU
		{0928DDAD-C0D7-41F5-A605-9A65A7251643}.Debug|Any CPU.Build.0 = Debug|Any CPU
		{0928DDAD-C0D7-41F5-A605-9A65A7251643}.Release|Any CPU.ActiveCfg = Release|Any CPU
		{0928DDAD-C0D7-41F5-A605-9A65A7251643}.Release|Any CPU.Build.0 = Release|Any CPU
	EndGlobalSection
	GlobalSection(SolutionProperties) = preSolution
		HideSolutionNode = FALSE
	EndGlobalSection
	GlobalSection(ExtensibilityGlobals) = postSolution
		SolutionGuid = {CB3D5609-590B-42ED-8E57-7CD4269F5359}
	EndGlobalSection
EndGlobal
